
Microsoft Visual Studio Solution File, Format Version 12.00
# Visual Studio Version 17
VisualStudioVersion = 17.0.31919.166
MinimumVisualStudioVersion = 10.0.40219.1
Project("{2150E333-8FDC-42A3-9474-1A3956D46DE8}") = "src", "src", "{48BBA98D-0F01-4B71-AB09-47711ED73802}"
EndProject
Project("{9A19103F-16F7-4668-BE54-9A1E7A4F7556}") = "RetroEmu.Devices", "src\RetroEmu.Devices\RetroEmu.Devices.csproj", "{3E4D864F-77A0-4B10-B6A9-0D646F0F17C4}"
EndProject
Project("{2150E333-8FDC-42A3-9474-1A3956D46DE8}") = "tests", "tests", "{53A4C9BB-F16D-4243-89DA-C87C201729DF}"
	ProjectSection(SolutionItems) = preProject
		tests\to-testable-processor.vimscript = tests\to-testable-processor.vimscript
	EndProjectSection
EndProject
Project("{9A19103F-16F7-4668-BE54-9A1E7A4F7556}") = "RetroEmu.GB.Tests", "tests\RetroEmu.GB.Tests\RetroEmu.GB.Tests.csproj", "{7B46FC0C-0F0B-43A9-86A3-7C7198507534}"
EndProject
Project("{FAE04EC0-301F-11D3-BF4B-00C04F79EFBC}") = "RetroEmu", "src\RetroEmu\RetroEmu.csproj", "{76D6471E-3871-4E5F-B963-9D69EF227ECD}"
EndProject
Project("{FAE04EC0-301F-11D3-BF4B-00C04F79EFBC}") = "RetroEmu.GB.TestSetup", "tests\RetroEmu.GB.TestSetup\RetroEmu.GB.TestSetup.csproj", "{DCC161E0-D06A-4AF6-BDCC-FCB4438E1A2D}"
EndProject
Project("{FAE04EC0-301F-11D3-BF4B-00C04F79EFBC}") = "RetroEmu.GB.Blargg.Tests", "tests\RetroEmu.GB.Blargg.Tests\RetroEmu.GB.Blargg.Tests.csproj", "{D5D16E5E-597D-4D54-95EF-3788ADD3BC87}"
EndProject
Project("{FAE04EC0-301F-11D3-BF4B-00C04F79EFBC}") = "RetroEmu.GB.GBMicro.Tests", "tests\RetroEmu.GB.GBMicro.Tests\RetroEmu.GB.GBMicro.Tests.csproj", "{AE77E6D6-1B8A-466F-AFA2-FE591059FA68}"
EndProject
Global
	GlobalSection(SolutionConfigurationPlatforms) = preSolution
		Debug|Any CPU = Debug|Any CPU
		Release|Any CPU = Release|Any CPU
	EndGlobalSection
	GlobalSection(ProjectConfigurationPlatforms) = postSolution
		{3E4D864F-77A0-4B10-B6A9-0D646F0F17C4}.Debug|Any CPU.ActiveCfg = Debug|Any CPU
		{3E4D864F-77A0-4B10-B6A9-0D646F0F17C4}.Debug|Any CPU.Build.0 = Debug|Any CPU
		{3E4D864F-77A0-4B10-B6A9-0D646F0F17C4}.Release|Any CPU.ActiveCfg = Release|Any CPU
		{3E4D864F-77A0-4B10-B6A9-0D646F0F17C4}.Release|Any CPU.Build.0 = Release|Any CPU
		{7B46FC0C-0F0B-43A9-86A3-7C7198507534}.Debug|Any CPU.ActiveCfg = Debug|Any CPU
		{7B46FC0C-0F0B-43A9-86A3-7C7198507534}.Debug|Any CPU.Build.0 = Debug|Any CPU
		{7B46FC0C-0F0B-43A9-86A3-7C7198507534}.Release|Any CPU.ActiveCfg = Release|Any CPU
		{7B46FC0C-0F0B-43A9-86A3-7C7198507534}.Release|Any CPU.Build.0 = Release|Any CPU
		{76D6471E-3871-4E5F-B963-9D69EF227ECD}.Debug|Any CPU.ActiveCfg = Debug|Any CPU
		{76D6471E-3871-4E5F-B963-9D69EF227ECD}.Debug|Any CPU.Build.0 = Debug|Any CPU
		{76D6471E-3871-4E5F-B963-9D69EF227ECD}.Release|Any CPU.ActiveCfg = Release|Any CPU
		{76D6471E-3871-4E5F-B963-9D69EF227ECD}.Release|Any CPU.Build.0 = Release|Any CPU
		{DCC161E0-D06A-4AF6-BDCC-FCB4438E1A2D}.Debug|Any CPU.ActiveCfg = Debug|Any CPU
		{DCC161E0-D06A-4AF6-BDCC-FCB4438E1A2D}.Debug|Any CPU.Build.0 = Debug|Any CPU
		{DCC161E0-D06A-4AF6-BDCC-FCB4438E1A2D}.Release|Any CPU.ActiveCfg = Release|Any CPU
		{DCC161E0-D06A-4AF6-BDCC-FCB4438E1A2D}.Release|Any CPU.Build.0 = Release|Any CPU
		{D5D16E5E-597D-4D54-95EF-3788ADD3BC87}.Debug|Any CPU.ActiveCfg = Debug|Any CPU
		{D5D16E5E-597D-4D54-95EF-3788ADD3BC87}.Debug|Any CPU.Build.0 = Debug|Any CPU
		{D5D16E5E-597D-4D54-95EF-3788ADD3BC87}.Release|Any CPU.ActiveCfg = Release|Any CPU
		{D5D16E5E-597D-4D54-95EF-3788ADD3BC87}.Release|Any CPU.Build.0 = Release|Any CPU
		{AE77E6D6-1B8A-466F-AFA2-FE591059FA68}.Debug|Any CPU.ActiveCfg = Debug|Any CPU
		{AE77E6D6-1B8A-466F-AFA2-FE591059FA68}.Debug|Any CPU.Build.0 = Debug|Any CPU
		{AE77E6D6-1B8A-466F-AFA2-FE591059FA68}.Release|Any CPU.ActiveCfg = Release|Any CPU
		{AE77E6D6-1B8A-466F-AFA2-FE591059FA68}.Release|Any CPU.Build.0 = Release|Any CPU
	EndGlobalSection
	GlobalSection(SolutionProperties) = preSolution
		HideSolutionNode = FALSE
	EndGlobalSection
	GlobalSection(NestedProjects) = preSolution
		{3E4D864F-77A0-4B10-B6A9-0D646F0F17C4} = {48BBA98D-0F01-4B71-AB09-47711ED73802}
		{7B46FC0C-0F0B-43A9-86A3-7C7198507534} = {53A4C9BB-F16D-4243-89DA-C87C201729DF}
		{76D6471E-3871-4E5F-B963-9D69EF227ECD} = {48BBA98D-0F01-4B71-AB09-47711ED73802}
		{DCC161E0-D06A-4AF6-BDCC-FCB4438E1A2D} = {53A4C9BB-F16D-4243-89DA-C87C201729DF}
		{D5D16E5E-597D-4D54-95EF-3788ADD3BC87} = {53A4C9BB-F16D-4243-89DA-C87C201729DF}
		{AE77E6D6-1B8A-466F-AFA2-FE591059FA68} = {53A4C9BB-F16D-4243-89DA-C87C201729DF}
	EndGlobalSection
	GlobalSection(ExtensibilityGlobals) = postSolution
		SolutionGuid = {5F544E41-5F5C-4A15-8773-CF0F279D0F97}
	EndGlobalSection
EndGlobal
